
Microsoft Visual Studio Solution File, Format Version 12.00
# Visual Studio Version 16
VisualStudioVersion = 16.0.30804.86
MinimumVisualStudioVersion = 10.0.40219.1
Project("{9A19103F-16F7-4668-BE54-9A1E7A4F7556}") = "HelloARAPlus", "HelloARAPlus\HelloARAPlus.csproj", "{BB8AA416-DDB1-43C5-8AB4-CDC6C96745C2}"
EndProject
Project("{FAE04EC0-301F-11D3-BF4B-00C04F79EFBC}") = "ARAPlus.AbfallLogic", "ARAPlus.AbfallLogic\ARAPlus.AbfallLogic.csproj", "{487FFE6D-A605-4F26-99CC-9EF591C88B52}"
EndProject
Project("{FAE04EC0-301F-11D3-BF4B-00C04F79EFBC}") = "ARAPlus.WebApp", "ARAPlus.WebApp\ARAPlus.WebApp.csproj", "{7255043B-0365-4764-A7D2-6936CF473BFA}"
EndProject
Project("{FAE04EC0-301F-11D3-BF4B-00C04F79EFBC}") = "ARAPlus.WebAppMitView", "ARAPlus.WebAppMitView\ARAPlus.WebAppMitView.csproj", "{27D6D2F5-5209-4A6D-87C4-E1E630222FD9}"
EndProject
Project("{FAE04EC0-301F-11D3-BF4B-00C04F79EFBC}") = "ARAPlus.MyWPF", "ARAPlus.MyWPF\ARAPlus.MyWPF.csproj", "{C9456F30-D9DC-47BF-8A36-4140C71839D6}"
EndProject
Project("{FAE04EC0-301F-11D3-BF4B-00C04F79EFBC}") = "ARAPlus.CSharpGrundlagen", "ARAPlus.CSharpGrundlagen\ARAPlus.CSharpGrundlagen.csproj", "{6DFD68B2-9ACA-47F7-9D23-07DF5EE04A92}"
EndProject
Project("{FAE04EC0-301F-11D3-BF4B-00C04F79EFBC}") = "ARAPlus.OOPMitCSharp", "ARAPlus.OOPMitCSharp\ARAPlus.OOPMitCSharp.csproj", "{B9F67F46-ECC7-4534-A889-EE9AA55EC0BF}"
EndProject
Global
	GlobalSection(SolutionConfigurationPlatforms) = preSolution
		Debug|Any CPU = Debug|Any CPU
		Release|Any CPU = Release|Any CPU
	EndGlobalSection
	GlobalSection(ProjectConfigurationPlatforms) = postSolution
		{BB8AA416-DDB1-43C5-8AB4-CDC6C96745C2}.Debug|Any CPU.ActiveCfg = Debug|Any CPU
		{BB8AA416-DDB1-43C5-8AB4-CDC6C96745C2}.Debug|Any CPU.Build.0 = Debug|Any CPU
		{BB8AA416-DDB1-43C5-8AB4-CDC6C96745C2}.Release|Any CPU.ActiveCfg = Release|Any CPU
		{BB8AA416-DDB1-43C5-8AB4-CDC6C96745C2}.Release|Any CPU.Build.0 = Release|Any CPU
		{487FFE6D-A605-4F26-99CC-9EF591C88B52}.Debug|Any CPU.ActiveCfg = Debug|Any CPU
		{487FFE6D-A605-4F26-99CC-9EF591C88B52}.Debug|Any CPU.Build.0 = Debug|Any CPU
		{487FFE6D-A605-4F26-99CC-9EF591C88B52}.Release|Any CPU.ActiveCfg = Release|Any CPU
		{487FFE6D-A605-4F26-99CC-9EF591C88B52}.Release|Any CPU.Build.0 = Release|Any CPU
		{7255043B-0365-4764-A7D2-6936CF473BFA}.Debug|Any CPU.ActiveCfg = Debug|Any CPU
		{7255043B-0365-4764-A7D2-6936CF473BFA}.Debug|Any CPU.Build.0 = Debug|Any CPU
		{7255043B-0365-4764-A7D2-6936CF473BFA}.Release|Any CPU.ActiveCfg = Release|Any CPU
		{7255043B-0365-4764-A7D2-6936CF473BFA}.Release|Any CPU.Build.0 = Release|Any CPU
		{27D6D2F5-5209-4A6D-87C4-E1E630222FD9}.Debug|Any CPU.ActiveCfg = Debug|Any CPU
		{27D6D2F5-5209-4A6D-87C4-E1E630222FD9}.Debug|Any CPU.Build.0 = Debug|Any CPU
		{27D6D2F5-5209-4A6D-87C4-E1E630222FD9}.Release|Any CPU.ActiveCfg = Release|Any CPU
		{27D6D2F5-5209-4A6D-87C4-E1E630222FD9}.Release|Any CPU.Build.0 = Release|Any CPU
		{C9456F30-D9DC-47BF-8A36-4140C71839D6}.Debug|Any CPU.ActiveCfg = Debug|Any CPU
		{C9456F30-D9DC-47BF-8A36-4140C71839D6}.Debug|Any CPU.Build.0 = Debug|Any CPU
		{C9456F30-D9DC-47BF-8A36-4140C71839D6}.Release|Any CPU.ActiveCfg = Release|Any CPU
		{C9456F30-D9DC-47BF-8A36-4140C71839D6}.Release|Any CPU.Build.0 = Release|Any CPU
		{6DFD68B2-9ACA-47F7-9D23-07DF5EE04A92}.Debug|Any CPU.ActiveCfg = Debug|Any CPU
		{6DFD68B2-9ACA-47F7-9D23-07DF5EE04A92}.Debug|Any CPU.Build.0 = Debug|Any CPU
		{6DFD68B2-9ACA-47F7-9D23-07DF5EE04A92}.Release|Any CPU.ActiveCfg = Release|Any CPU
		{6DFD68B2-9ACA-47F7-9D23-07DF5EE04A92}.Release|Any CPU.Build.0 = Release|Any CPU
		{B9F67F46-ECC7-4534-A889-EE9AA55EC0BF}.Debug|Any CPU.ActiveCfg = Debug|Any CPU
		{B9F67F46-ECC7-4534-A889-EE9AA55EC0BF}.Debug|Any CPU.Build.0 = Debug|Any CPU
		{B9F67F46-ECC7-4534-A889-EE9AA55EC0BF}.Release|Any CPU.ActiveCfg = Release|Any CPU
		{B9F67F46-ECC7-4534-A889-EE9AA55EC0BF}.Release|Any CPU.Build.0 = Release|Any CPU
	EndGlobalSection
	GlobalSection(SolutionProperties) = preSolution
		HideSolutionNode = FALSE
	EndGlobalSection
	GlobalSection(ExtensibilityGlobals) = postSolution
		SolutionGuid = {5AB3E0E7-A297-4F8F-9206-BA1265D7CFD9}
	EndGlobalSection
EndGlobal
